// !$*UTF8*$!
{
	archiveVersion = 1;
	classes = {
	};
	objectVersion = 50;
	objects = {

/* Begin PBXBuildFile section */
		D13521002148B0760048FF1F /* SearchViewModel.swift in Sources */ = {isa = PBXBuildFile; fileRef = D13520FF2148B0760048FF1F /* SearchViewModel.swift */; };
		D1352102214A120F0048FF1F /* SearchResultModel.swift in Sources */ = {isa = PBXBuildFile; fileRef = D1352101214A120F0048FF1F /* SearchResultModel.swift */; };
		D1352104216455560048FF1F /* Extensions.swift in Sources */ = {isa = PBXBuildFile; fileRef = D1352103216455560048FF1F /* Extensions.swift */; };
		D1352106216456FA0048FF1F /* Constants.swift in Sources */ = {isa = PBXBuildFile; fileRef = D1352105216456FA0048FF1F /* Constants.swift */; };
		D135210821645A010048FF1F /* CustomAnnotation.swift in Sources */ = {isa = PBXBuildFile; fileRef = D135210721645A010048FF1F /* CustomAnnotation.swift */; };
		D182889820B4A36A008CE48A /* SearchViewController.swift in Sources */ = {isa = PBXBuildFile; fileRef = D182889720B4A36A008CE48A /* SearchViewController.swift */; };
		D182889C20BF612A008CE48A /* LocationUtilities.swift in Sources */ = {isa = PBXBuildFile; fileRef = D182889B20BF612A008CE48A /* LocationUtilities.swift */; };
		D182889E20BF6149008CE48A /* IOSUtilities.swift in Sources */ = {isa = PBXBuildFile; fileRef = D182889D20BF6149008CE48A /* IOSUtilities.swift */; };
		D18288A120BF67EA008CE48A /* SearchPlacesTableSource.swift in Sources */ = {isa = PBXBuildFile; fileRef = D18288A020BF67EA008CE48A /* SearchPlacesTableSource.swift */; };
		D18288A320BF709B008CE48A /* SearchMapDelegate.swift in Sources */ = {isa = PBXBuildFile; fileRef = D18288A220BF709B008CE48A /* SearchMapDelegate.swift */; };
		D199C2BF20B491FC0090D0C3 /* AppDelegate.swift in Sources */ = {isa = PBXBuildFile; fileRef = D199C2BE20B491FC0090D0C3 /* AppDelegate.swift */; };
		D199C2C320B491FC0090D0C3 /* HistoryViewController.swift in Sources */ = {isa = PBXBuildFile; fileRef = D199C2C220B491FC0090D0C3 /* HistoryViewController.swift */; };
		D199C2C620B491FC0090D0C3 /* Main.storyboard in Resources */ = {isa = PBXBuildFile; fileRef = D199C2C420B491FC0090D0C3 /* Main.storyboard */; };
		D199C2C820B491FD0090D0C3 /* Assets.xcassets in Resources */ = {isa = PBXBuildFile; fileRef = D199C2C720B491FD0090D0C3 /* Assets.xcassets */; };
		D199C2CB20B491FD0090D0C3 /* LaunchScreen.storyboard in Resources */ = {isa = PBXBuildFile; fileRef = D199C2C920B491FD0090D0C3 /* LaunchScreen.storyboard */; };
		D199C2D620B491FD0090D0C3 /* DateNightTests.swift in Sources */ = {isa = PBXBuildFile; fileRef = D199C2D520B491FD0090D0C3 /* DateNightTests.swift */; };
		D199C2E120B491FE0090D0C3 /* DateNightUITests.swift in Sources */ = {isa = PBXBuildFile; fileRef = D199C2E020B491FE0090D0C3 /* DateNightUITests.swift */; };
		D199C2F020B4928B0090D0C3 /* Places.xcdatamodeld in Sources */ = {isa = PBXBuildFile; fileRef = D199C2EE20B4928B0090D0C3 /* Places.xcdatamodeld */; };
		D199C2F620B496720090D0C3 /* CoreDataStack.swift in Sources */ = {isa = PBXBuildFile; fileRef = D199C2F520B496720090D0C3 /* CoreDataStack.swift */; };
/* End PBXBuildFile section */

/* Begin PBXContainerItemProxy section */
		D199C2D220B491FD0090D0C3 /* PBXContainerItemProxy */ = {
			isa = PBXContainerItemProxy;
			containerPortal = D199C2B320B491FC0090D0C3 /* Project object */;
			proxyType = 1;
			remoteGlobalIDString = D199C2BA20B491FC0090D0C3;
			remoteInfo = DateNight;
		};
		D199C2DD20B491FE0090D0C3 /* PBXContainerItemProxy */ = {
			isa = PBXContainerItemProxy;
			containerPortal = D199C2B320B491FC0090D0C3 /* Project object */;
			proxyType = 1;
			remoteGlobalIDString = D199C2BA20B491FC0090D0C3;
			remoteInfo = DateNight;
		};
/* End PBXContainerItemProxy section */

/* Begin PBXFileReference section */
		D13520FF2148B0760048FF1F /* SearchViewModel.swift */ = {isa = PBXFileReference; lastKnownFileType = sourcecode.swift; path = SearchViewModel.swift; sourceTree = "<group>"; };
		D1352101214A120F0048FF1F /* SearchResultModel.swift */ = {isa = PBXFileReference; lastKnownFileType = sourcecode.swift; path = SearchResultModel.swift; sourceTree = "<group>"; };
		D1352103216455560048FF1F /* Extensions.swift */ = {isa = PBXFileReference; lastKnownFileType = sourcecode.swift; path = Extensions.swift; sourceTree = "<group>"; };
		D1352105216456FA0048FF1F /* Constants.swift */ = {isa = PBXFileReference; lastKnownFileType = sourcecode.swift; path = Constants.swift; sourceTree = "<group>"; };
		D135210721645A010048FF1F /* CustomAnnotation.swift */ = {isa = PBXFileReference; lastKnownFileType = sourcecode.swift; path = CustomAnnotation.swift; sourceTree = "<group>"; };
		D182889720B4A36A008CE48A /* SearchViewController.swift */ = {isa = PBXFileReference; lastKnownFileType = sourcecode.swift; path = SearchViewController.swift; sourceTree = "<group>"; };
		D182889B20BF612A008CE48A /* LocationUtilities.swift */ = {isa = PBXFileReference; lastKnownFileType = sourcecode.swift; path = LocationUtilities.swift; sourceTree = "<group>"; };
		D182889D20BF6149008CE48A /* IOSUtilities.swift */ = {isa = PBXFileReference; lastKnownFileType = sourcecode.swift; path = IOSUtilities.swift; sourceTree = "<group>"; };
		D18288A020BF67EA008CE48A /* SearchPlacesTableSource.swift */ = {isa = PBXFileReference; lastKnownFileType = sourcecode.swift; path = SearchPlacesTableSource.swift; sourceTree = "<group>"; };
		D18288A220BF709B008CE48A /* SearchMapDelegate.swift */ = {isa = PBXFileReference; lastKnownFileType = sourcecode.swift; path = SearchMapDelegate.swift; sourceTree = "<group>"; };
		D199C2BB20B491FC0090D0C3 /* DateNight.app */ = {isa = PBXFileReference; explicitFileType = wrapper.application; includeInIndex = 0; path = DateNight.app; sourceTree = BUILT_PRODUCTS_DIR; };
		D199C2BE20B491FC0090D0C3 /* AppDelegate.swift */ = {isa = PBXFileReference; lastKnownFileType = sourcecode.swift; path = AppDelegate.swift; sourceTree = "<group>"; };
		D199C2C220B491FC0090D0C3 /* HistoryViewController.swift */ = {isa = PBXFileReference; lastKnownFileType = sourcecode.swift; path = HistoryViewController.swift; sourceTree = "<group>"; };
		D199C2C520B491FC0090D0C3 /* Base */ = {isa = PBXFileReference; lastKnownFileType = file.storyboard; name = Base; path = Base.lproj/Main.storyboard; sourceTree = "<group>"; };
		D199C2C720B491FD0090D0C3 /* Assets.xcassets */ = {isa = PBXFileReference; lastKnownFileType = folder.assetcatalog; path = Assets.xcassets; sourceTree = "<group>"; };
		D199C2CA20B491FD0090D0C3 /* Base */ = {isa = PBXFileReference; lastKnownFileType = file.storyboard; name = Base; path = Base.lproj/LaunchScreen.storyboard; sourceTree = "<group>"; };
		D199C2CC20B491FD0090D0C3 /* Info.plist */ = {isa = PBXFileReference; lastKnownFileType = text.plist.xml; path = Info.plist; sourceTree = "<group>"; };
		D199C2D120B491FD0090D0C3 /* DateNightTests.xctest */ = {isa = PBXFileReference; explicitFileType = wrapper.cfbundle; includeInIndex = 0; path = DateNightTests.xctest; sourceTree = BUILT_PRODUCTS_DIR; };
		D199C2D520B491FD0090D0C3 /* DateNightTests.swift */ = {isa = PBXFileReference; lastKnownFileType = sourcecode.swift; path = DateNightTests.swift; sourceTree = "<group>"; };
		D199C2D720B491FD0090D0C3 /* Info.plist */ = {isa = PBXFileReference; lastKnownFileType = text.plist.xml; path = Info.plist; sourceTree = "<group>"; };
		D199C2DC20B491FE0090D0C3 /* DateNightUITests.xctest */ = {isa = PBXFileReference; explicitFileType = wrapper.cfbundle; includeInIndex = 0; path = DateNightUITests.xctest; sourceTree = BUILT_PRODUCTS_DIR; };
		D199C2E020B491FE0090D0C3 /* DateNightUITests.swift */ = {isa = PBXFileReference; lastKnownFileType = sourcecode.swift; path = DateNightUITests.swift; sourceTree = "<group>"; };
		D199C2E220B491FE0090D0C3 /* Info.plist */ = {isa = PBXFileReference; lastKnownFileType = text.plist.xml; path = Info.plist; sourceTree = "<group>"; };
		D199C2EF20B4928B0090D0C3 /* Places.xcdatamodel */ = {isa = PBXFileReference; lastKnownFileType = wrapper.xcdatamodel; path = Places.xcdatamodel; sourceTree = "<group>"; };
		D199C2F520B496720090D0C3 /* CoreDataStack.swift */ = {isa = PBXFileReference; lastKnownFileType = sourcecode.swift; path = CoreDataStack.swift; sourceTree = "<group>"; };
/* End PBXFileReference section */

/* Begin PBXFrameworksBuildPhase section */
		D199C2B820B491FC0090D0C3 /* Frameworks */ = {
			isa = PBXFrameworksBuildPhase;
			buildActionMask = 2147483647;
			files = (
			);
			runOnlyForDeploymentPostprocessing = 0;
		};
		D199C2CE20B491FD0090D0C3 /* Frameworks */ = {
			isa = PBXFrameworksBuildPhase;
			buildActionMask = 2147483647;
			files = (
			);
			runOnlyForDeploymentPostprocessing = 0;
		};
		D199C2D920B491FE0090D0C3 /* Frameworks */ = {
			isa = PBXFrameworksBuildPhase;
			buildActionMask = 2147483647;
			files = (
			);
			runOnlyForDeploymentPostprocessing = 0;
		};
/* End PBXFrameworksBuildPhase section */

/* Begin PBXGroup section */
		D182889920B4A511008CE48A /* Services */ = {
			isa = PBXGroup;
			children = (
			);
			path = Services;
			sourceTree = "<group>";
		};
		D182889A20BF6105008CE48A /* Utilities */ = {
			isa = PBXGroup;
			children = (
				D182889B20BF612A008CE48A /* LocationUtilities.swift */,
				D182889D20BF6149008CE48A /* IOSUtilities.swift */,
				D1352103216455560048FF1F /* Extensions.swift */,
				D1352105216456FA0048FF1F /* Constants.swift */,
			);
			path = Utilities;
			sourceTree = "<group>";
		};
		D18288A420BF70A9008CE48A /* Features */ = {
			isa = PBXGroup;
			children = (
				D199C2F120B4952E0090D0C3 /* Search */,
				D18288A520BF70C2008CE48A /* History */,
			);
			path = Features;
			sourceTree = "<group>";
		};
		D18288A520BF70C2008CE48A /* History */ = {
			isa = PBXGroup;
			children = (
				D199C2C220B491FC0090D0C3 /* HistoryViewController.swift */,
			);
			path = History;
			sourceTree = "<group>";
		};
		D199C2B220B491FC0090D0C3 = {
			isa = PBXGroup;
			children = (
				D199C2BD20B491FC0090D0C3 /* DateNight */,
				D199C2D420B491FD0090D0C3 /* DateNightTests */,
				D199C2DF20B491FE0090D0C3 /* DateNightUITests */,
				D199C2BC20B491FC0090D0C3 /* Products */,
			);
			sourceTree = "<group>";
		};
		D199C2BC20B491FC0090D0C3 /* Products */ = {
			isa = PBXGroup;
			children = (
				D199C2BB20B491FC0090D0C3 /* DateNight.app */,
				D199C2D120B491FD0090D0C3 /* DateNightTests.xctest */,
				D199C2DC20B491FE0090D0C3 /* DateNightUITests.xctest */,
			);
			name = Products;
			sourceTree = "<group>";
		};
		D199C2BD20B491FC0090D0C3 /* DateNight */ = {
			isa = PBXGroup;
			children = (
				D199C2F420B496390090D0C3 /* CoreData */,
				D182889A20BF6105008CE48A /* Utilities */,
				D182889920B4A511008CE48A /* Services */,
				D18288A420BF70A9008CE48A /* Features */,
				D199C2BE20B491FC0090D0C3 /* AppDelegate.swift */,
				D199C2C420B491FC0090D0C3 /* Main.storyboard */,
				D199C2C720B491FD0090D0C3 /* Assets.xcassets */,
				D199C2C920B491FD0090D0C3 /* LaunchScreen.storyboard */,
				D199C2CC20B491FD0090D0C3 /* Info.plist */,
			);
			path = DateNight;
			sourceTree = "<group>";
		};
		D199C2D420B491FD0090D0C3 /* DateNightTests */ = {
			isa = PBXGroup;
			children = (
				D199C2D520B491FD0090D0C3 /* DateNightTests.swift */,
				D199C2D720B491FD0090D0C3 /* Info.plist */,
			);
			path = DateNightTests;
			sourceTree = "<group>";
		};
		D199C2DF20B491FE0090D0C3 /* DateNightUITests */ = {
			isa = PBXGroup;
			children = (
				D199C2E020B491FE0090D0C3 /* DateNightUITests.swift */,
				D199C2E220B491FE0090D0C3 /* Info.plist */,
			);
			path = DateNightUITests;
			sourceTree = "<group>";
		};
		D199C2F120B4952E0090D0C3 /* Search */ = {
			isa = PBXGroup;
			children = (
				D18288A020BF67EA008CE48A /* SearchPlacesTableSource.swift */,
				D18288A220BF709B008CE48A /* SearchMapDelegate.swift */,
				D182889720B4A36A008CE48A /* SearchViewController.swift */,
				D13520FF2148B0760048FF1F /* SearchViewModel.swift */,
				D1352101214A120F0048FF1F /* SearchResultModel.swift */,
				D135210721645A010048FF1F /* CustomAnnotation.swift */,
			);
			path = Search;
			sourceTree = "<group>";
		};
		D199C2F420B496390090D0C3 /* CoreData */ = {
			isa = PBXGroup;
			children = (
				D199C2EE20B4928B0090D0C3 /* Places.xcdatamodeld */,
				D199C2F520B496720090D0C3 /* CoreDataStack.swift */,
			);
			path = CoreData;
			sourceTree = "<group>";
		};
/* End PBXGroup section */

/* Begin PBXNativeTarget section */
		D199C2BA20B491FC0090D0C3 /* DateNight */ = {
			isa = PBXNativeTarget;
			buildConfigurationList = D199C2E520B491FE0090D0C3 /* Build configuration list for PBXNativeTarget "DateNight" */;
			buildPhases = (
				D199C2B720B491FC0090D0C3 /* Sources */,
				D199C2B820B491FC0090D0C3 /* Frameworks */,
				D199C2B920B491FC0090D0C3 /* Resources */,
			);
			buildRules = (
			);
			dependencies = (
			);
			name = DateNight;
			productName = DateNight;
			productReference = D199C2BB20B491FC0090D0C3 /* DateNight.app */;
			productType = "com.apple.product-type.application";
		};
		D199C2D020B491FD0090D0C3 /* DateNightTests */ = {
			isa = PBXNativeTarget;
			buildConfigurationList = D199C2E820B491FE0090D0C3 /* Build configuration list for PBXNativeTarget "DateNightTests" */;
			buildPhases = (
				D199C2CD20B491FD0090D0C3 /* Sources */,
				D199C2CE20B491FD0090D0C3 /* Frameworks */,
				D199C2CF20B491FD0090D0C3 /* Resources */,
			);
			buildRules = (
			);
			dependencies = (
				D199C2D320B491FD0090D0C3 /* PBXTargetDependency */,
			);
			name = DateNightTests;
			productName = DateNightTests;
			productReference = D199C2D120B491FD0090D0C3 /* DateNightTests.xctest */;
			productType = "com.apple.product-type.bundle.unit-test";
		};
		D199C2DB20B491FE0090D0C3 /* DateNightUITests */ = {
			isa = PBXNativeTarget;
			buildConfigurationList = D199C2EB20B491FE0090D0C3 /* Build configuration list for PBXNativeTarget "DateNightUITests" */;
			buildPhases = (
				D199C2D820B491FE0090D0C3 /* Sources */,
				D199C2D920B491FE0090D0C3 /* Frameworks */,
				D199C2DA20B491FE0090D0C3 /* Resources */,
			);
			buildRules = (
			);
			dependencies = (
				D199C2DE20B491FE0090D0C3 /* PBXTargetDependency */,
			);
			name = DateNightUITests;
			productName = DateNightUITests;
			productReference = D199C2DC20B491FE0090D0C3 /* DateNightUITests.xctest */;
			productType = "com.apple.product-type.bundle.ui-testing";
		};
/* End PBXNativeTarget section */

/* Begin PBXProject section */
		D199C2B320B491FC0090D0C3 /* Project object */ = {
			isa = PBXProject;
			attributes = {
				LastSwiftUpdateCheck = 0930;
				LastUpgradeCheck = 0930;
				ORGANIZATIONNAME = personal;
				TargetAttributes = {
					D199C2BA20B491FC0090D0C3 = {
						CreatedOnToolsVersion = 9.3.1;
					};
					D199C2D020B491FD0090D0C3 = {
						CreatedOnToolsVersion = 9.3.1;
						TestTargetID = D199C2BA20B491FC0090D0C3;
					};
					D199C2DB20B491FE0090D0C3 = {
						CreatedOnToolsVersion = 9.3.1;
						TestTargetID = D199C2BA20B491FC0090D0C3;
					};
				};
			};
			buildConfigurationList = D199C2B620B491FC0090D0C3 /* Build configuration list for PBXProject "DateNight" */;
			compatibilityVersion = "Xcode 9.3";
			developmentRegion = en;
			hasScannedForEncodings = 0;
			knownRegions = (
				en,
				Base,
			);
			mainGroup = D199C2B220B491FC0090D0C3;
			productRefGroup = D199C2BC20B491FC0090D0C3 /* Products */;
			projectDirPath = "";
			projectRoot = "";
			targets = (
				D199C2BA20B491FC0090D0C3 /* DateNight */,
				D199C2D020B491FD0090D0C3 /* DateNightTests */,
				D199C2DB20B491FE0090D0C3 /* DateNightUITests */,
			);
		};
/* End PBXProject section */

/* Begin PBXResourcesBuildPhase section */
		D199C2B920B491FC0090D0C3 /* Resources */ = {
			isa = PBXResourcesBuildPhase;
			buildActionMask = 2147483647;
			files = (
				D199C2CB20B491FD0090D0C3 /* LaunchScreen.storyboard in Resources */,
				D199C2C820B491FD0090D0C3 /* Assets.xcassets in Resources */,
				D199C2C620B491FC0090D0C3 /* Main.storyboard in Resources */,
			);
			runOnlyForDeploymentPostprocessing = 0;
		};
		D199C2CF20B491FD0090D0C3 /* Resources */ = {
			isa = PBXResourcesBuildPhase;
			buildActionMask = 2147483647;
			files = (
			);
			runOnlyForDeploymentPostprocessing = 0;
		};
		D199C2DA20B491FE0090D0C3 /* Resources */ = {
			isa = PBXResourcesBuildPhase;
			buildActionMask = 2147483647;
			files = (
			);
			runOnlyForDeploymentPostprocessing = 0;
		};
/* End PBXResourcesBuildPhase section */

/* Begin PBXSourcesBuildPhase section */
		D199C2B720B491FC0090D0C3 /* Sources */ = {
			isa = PBXSourcesBuildPhase;
			buildActionMask = 2147483647;
			files = (
				D182889820B4A36A008CE48A /* SearchViewController.swift in Sources */,
				D182889E20BF6149008CE48A /* IOSUtilities.swift in Sources */,
				D1352102214A120F0048FF1F /* SearchResultModel.swift in Sources */,
				D199C2F620B496720090D0C3 /* CoreDataStack.swift in Sources */,
				D199C2C320B491FC0090D0C3 /* HistoryViewController.swift in Sources */,
				D199C2BF20B491FC0090D0C3 /* AppDelegate.swift in Sources */,
				D199C2F020B4928B0090D0C3 /* Places.xcdatamodeld in Sources */,
				D1352106216456FA0048FF1F /* Constants.swift in Sources */,
				D1352104216455560048FF1F /* Extensions.swift in Sources */,
				D13521002148B0760048FF1F /* SearchViewModel.swift in Sources */,
				D182889C20BF612A008CE48A /* LocationUtilities.swift in Sources */,
				D18288A120BF67EA008CE48A /* SearchPlacesTableSource.swift in Sources */,
				D18288A320BF709B008CE48A /* SearchMapDelegate.swift in Sources */,
				D135210821645A010048FF1F /* CustomAnnotation.swift in Sources */,
			);
			runOnlyForDeploymentPostprocessing = 0;
		};
		D199C2CD20B491FD0090D0C3 /* Sources */ = {
			isa = PBXSourcesBuildPhase;
			buildActionMask = 2147483647;
			files = (
				D199C2D620B491FD0090D0C3 /* DateNightTests.swift in Sources */,
			);
			runOnlyForDeploymentPostprocessing = 0;
		};
		D199C2D820B491FE0090D0C3 /* Sources */ = {
			isa = PBXSourcesBuildPhase;
			buildActionMask = 2147483647;
			files = (
				D199C2E120B491FE0090D0C3 /* DateNightUITests.swift in Sources */,
			);
			runOnlyForDeploymentPostprocessing = 0;
		};
/* End PBXSourcesBuildPhase section */

/* Begin PBXTargetDependency section */
		D199C2D320B491FD0090D0C3 /* PBXTargetDependency */ = {
			isa = PBXTargetDependency;
			target = D199C2BA20B491FC0090D0C3 /* DateNight */;
			targetProxy = D199C2D220B491FD0090D0C3 /* PBXContainerItemProxy */;
		};
		D199C2DE20B491FE0090D0C3 /* PBXTargetDependency */ = {
			isa = PBXTargetDependency;
			target = D199C2BA20B491FC0090D0C3 /* DateNight */;
			targetProxy = D199C2DD20B491FE0090D0C3 /* PBXContainerItemProxy */;
		};
/* End PBXTargetDependency section */

/* Begin PBXVariantGroup section */
		D199C2C420B491FC0090D0C3 /* Main.storyboard */ = {
			isa = PBXVariantGroup;
			children = (
				D199C2C520B491FC0090D0C3 /* Base */,
			);
			name = Main.storyboard;
			sourceTree = "<group>";
		};
		D199C2C920B491FD0090D0C3 /* LaunchScreen.storyboard */ = {
			isa = PBXVariantGroup;
			children = (
				D199C2CA20B491FD0090D0C3 /* Base */,
			);
			name = LaunchScreen.storyboard;
			sourceTree = "<group>";
		};
/* End PBXVariantGroup section */

/* Begin XCBuildConfiguration section */
		D199C2E320B491FE0090D0C3 /* Debug */ = {
			isa = XCBuildConfiguration;
			buildSettings = {
				ALWAYS_SEARCH_USER_PATHS = NO;
				CLANG_ANALYZER_NONNULL = YES;
				CLANG_ANALYZER_NUMBER_OBJECT_CONVERSION = YES_AGGRESSIVE;
				CLANG_CXX_LANGUAGE_STANDARD = "gnu++14";
				CLANG_CXX_LIBRARY = "libc++";
				CLANG_ENABLE_MODULES = YES;
				CLANG_ENABLE_OBJC_ARC = YES;
				CLANG_ENABLE_OBJC_WEAK = YES;
				CLANG_WARN_BLOCK_CAPTURE_AUTORELEASING = YES;
				CLANG_WARN_BOOL_CONVERSION = YES;
				CLANG_WARN_COMMA = YES;
				CLANG_WARN_CONSTANT_CONVERSION = YES;
				CLANG_WARN_DEPRECATED_OBJC_IMPLEMENTATIONS = YES;
				CLANG_WARN_DIRECT_OBJC_ISA_USAGE = YES_ERROR;
				CLANG_WARN_DOCUMENTATION_COMMENTS = YES;
				CLANG_WARN_EMPTY_BODY = YES;
				CLANG_WARN_ENUM_CONVERSION = YES;
				CLANG_WARN_INFINITE_RECURSION = YES;
				CLANG_WARN_INT_CONVERSION = YES;
				CLANG_WARN_NON_LITERAL_NULL_CONVERSION = YES;
				CLANG_WARN_OBJC_IMPLICIT_RETAIN_SELF = YES;
				CLANG_WARN_OBJC_LITERAL_CONVERSION = YES;
				CLANG_WARN_OBJC_ROOT_CLASS = YES_ERROR;
				CLANG_WARN_RANGE_LOOP_ANALYSIS = YES;
				CLANG_WARN_STRICT_PROTOTYPES = YES;
				CLANG_WARN_SUSPICIOUS_MOVE = YES;
				CLANG_WARN_UNGUARDED_AVAILABILITY = YES_AGGRESSIVE;
				CLANG_WARN_UNREACHABLE_CODE = YES;
				CLANG_WARN__DUPLICATE_METHOD_MATCH = YES;
				CODE_SIGN_IDENTITY = "iPhone Developer";
				COPY_PHASE_STRIP = NO;
				DEBUG_INFORMATION_FORMAT = dwarf;
				ENABLE_STRICT_OBJC_MSGSEND = YES;
				ENABLE_TESTABILITY = YES;
				GCC_C_LANGUAGE_STANDARD = gnu11;
				GCC_DYNAMIC_NO_PIC = NO;
				GCC_NO_COMMON_BLOCKS = YES;
				GCC_OPTIMIZATION_LEVEL = 0;
				GCC_PREPROCESSOR_DEFINITIONS = (
					"DEBUG=1",
					"$(inherited)",
				);
				GCC_WARN_64_TO_32_BIT_CONVERSION = YES;
				GCC_WARN_ABOUT_RETURN_TYPE = YES_ERROR;
				GCC_WARN_UNDECLARED_SELECTOR = YES;
				GCC_WARN_UNINITIALIZED_AUTOS = YES_AGGRESSIVE;
				GCC_WARN_UNUSED_FUNCTION = YES;
				GCC_WARN_UNUSED_VARIABLE = YES;
				IPHONEOS_DEPLOYMENT_TARGET = 11.3;
				MTL_ENABLE_DEBUG_INFO = YES;
				ONLY_ACTIVE_ARCH = YES;
				SDKROOT = iphoneos;
				SWIFT_ACTIVE_COMPILATION_CONDITIONS = DEBUG;
				SWIFT_OPTIMIZATION_LEVEL = "-Onone";
			};
			name = Debug;
		};
		D199C2E420B491FE0090D0C3 /* Release */ = {
			isa = XCBuildConfiguration;
			buildSettings = {
				ALWAYS_SEARCH_USER_PATHS = NO;
				CLANG_ANALYZER_NONNULL = YES;
				CLANG_ANALYZER_NUMBER_OBJECT_CONVERSION = YES_AGGRESSIVE;
				CLANG_CXX_LANGUAGE_STANDARD = "gnu++14";
				CLANG_CXX_LIBRARY = "libc++";
				CLANG_ENABLE_MODULES = YES;
				CLANG_ENABLE_OBJC_ARC = YES;
				CLANG_ENABLE_OBJC_WEAK = YES;
				CLANG_WARN_BLOCK_CAPTURE_AUTORELEASING = YES;
				CLANG_WARN_BOOL_CONVERSION = YES;
				CLANG_WARN_COMMA = YES;
				CLANG_WARN_CONSTANT_CONVERSION = YES;
				CLANG_WARN_DEPRECATED_OBJC_IMPLEMENTATIONS = YES;
				CLANG_WARN_DIRECT_OBJC_ISA_USAGE = YES_ERROR;
				CLANG_WARN_DOCUMENTATION_COMMENTS = YES;
				CLANG_WARN_EMPTY_BODY = YES;
				CLANG_WARN_ENUM_CONVERSION = YES;
				CLANG_WARN_INFINITE_RECURSION = YES;
				CLANG_WARN_INT_CONVERSION = YES;
				CLANG_WARN_NON_LITERAL_NULL_CONVERSION = YES;
				CLANG_WARN_OBJC_IMPLICIT_RETAIN_SELF = YES;
				CLANG_WARN_OBJC_LITERAL_CONVERSION = YES;
				CLANG_WARN_OBJC_ROOT_CLASS = YES_ERROR;
				CLANG_WARN_RANGE_LOOP_ANALYSIS = YES;
				CLANG_WARN_STRICT_PROTOTYPES = YES;
				CLANG_WARN_SUSPICIOUS_MOVE = YES;
				CLANG_WARN_UNGUARDED_AVAILABILITY = YES_AGGRESSIVE;
				CLANG_WARN_UNREACHABLE_CODE = YES;
				CLANG_WARN__DUPLICATE_METHOD_MATCH = YES;
				CODE_SIGN_IDENTITY = "iPhone Developer";
				COPY_PHASE_STRIP = NO;
				DEBUG_INFORMATION_FORMAT = "dwarf-with-dsym";
				ENABLE_NS_ASSERTIONS = NO;
				ENABLE_STRICT_OBJC_MSGSEND = YES;
				GCC_C_LANGUAGE_STANDARD = gnu11;
				GCC_NO_COMMON_BLOCKS = YES;
				GCC_WARN_64_TO_32_BIT_CONVERSION = YES;
				GCC_WARN_ABOUT_RETURN_TYPE = YES_ERROR;
				GCC_WARN_UNDECLARED_SELECTOR = YES;
				GCC_WARN_UNINITIALIZED_AUTOS = YES_AGGRESSIVE;
				GCC_WARN_UNUSED_FUNCTION = YES;
				GCC_WARN_UNUSED_VARIABLE = YES;
				IPHONEOS_DEPLOYMENT_TARGET = 11.3;
				MTL_ENABLE_DEBUG_INFO = NO;
				SDKROOT = iphoneos;
				SWIFT_COMPILATION_MODE = wholemodule;
				SWIFT_OPTIMIZATION_LEVEL = "-O";
				VALIDATE_PRODUCT = YES;
			};
			name = Release;
		};
		D199C2E620B491FE0090D0C3 /* Debug */ = {
			isa = XCBuildConfiguration;
			buildSettings = {
				ASSETCATALOG_COMPILER_APPICON_NAME = AppIcon;
				CODE_SIGN_STYLE = Automatic;
				DEVELOPMENT_TEAM = 96ARV772TN;
				INFOPLIST_FILE = DateNight/Info.plist;
				IPHONEOS_DEPLOYMENT_TARGET = 10.0;
				LD_RUNPATH_SEARCH_PATHS = (
					"$(inherited)",
					"@executable_path/Frameworks",
				);
				PRODUCT_BUNDLE_IDENTIFIER = brandon.DateNight;
				PRODUCT_NAME = "$(TARGET_NAME)";
				SWIFT_VERSION = 4.0;
				TARGETED_DEVICE_FAMILY = "1,2";
			};
			name = Debug;
		};
		D199C2E720B491FE0090D0C3 /* Release */ = {
			isa = XCBuildConfiguration;
			buildSettings = {
				ASSETCATALOG_COMPILER_APPICON_NAME = AppIcon;
				CODE_SIGN_STYLE = Automatic;
				DEVELOPMENT_TEAM = 96ARV772TN;
				INFOPLIST_FILE = DateNight/Info.plist;
				IPHONEOS_DEPLOYMENT_TARGET = 10.0;
				LD_RUNPATH_SEARCH_PATHS = (
					"$(inherited)",
					"@executable_path/Frameworks",
				);
				PRODUCT_BUNDLE_IDENTIFIER = brandon.DateNight;
				PRODUCT_NAME = "$(TARGET_NAME)";
				SWIFT_VERSION = 4.0;
				TARGETED_DEVICE_FAMILY = "1,2";
			};
			name = Release;
		};
		D199C2E920B491FE0090D0C3 /* Debug */ = {
			isa = XCBuildConfiguration;
			buildSettings = {
				ALWAYS_EMBED_SWIFT_STANDARD_LIBRARIES = YES;
				BUNDLE_LOADER = "$(TEST_HOST)";
				CODE_SIGN_STYLE = Automatic;
				DEVELOPMENT_TEAM = 96ARV772TN;
				INFOPLIST_FILE = DateNightTests/Info.plist;
				LD_RUNPATH_SEARCH_PATHS = (
					"$(inherited)",
					"@executable_path/Frameworks",
					"@loader_path/Frameworks",
				);
				PRODUCT_BUNDLE_IDENTIFIER = brandon.DateNightTests;
				PRODUCT_NAME = "$(TARGET_NAME)";
				SWIFT_VERSION = 4.0;
				TARGETED_DEVICE_FAMILY = "1,2";
				TEST_HOST = "$(BUILT_PRODUCTS_DIR)/DateNight.app/DateNight";
			};
			name = Debug;
		};
		D199C2EA20B491FE0090D0C3 /* Release */ = {
			isa = XCBuildConfiguration;
			buildSettings = {
				ALWAYS_EMBED_SWIFT_STANDARD_LIBRARIES = YES;
				BUNDLE_LOADER = "$(TEST_HOST)";
				CODE_SIGN_STYLE = Automatic;
				DEVELOPMENT_TEAM = 96ARV772TN;
				INFOPLIST_FILE = DateNightTests/Info.plist;
				LD_RUNPATH_SEARCH_PATHS = (
					"$(inherited)",
					"@executable_path/Frameworks",
					"@loader_path/Frameworks",
				);
				PRODUCT_BUNDLE_IDENTIFIER = brandon.DateNightTests;
				PRODUCT_NAME = "$(TARGET_NAME)";
				SWIFT_VERSION = 4.0;
				TARGETED_DEVICE_FAMILY = "1,2";
				TEST_HOST = "$(BUILT_PRODUCTS_DIR)/DateNight.app/DateNight";
			};
			name = Release;
		};
		D199C2EC20B491FE0090D0C3 /* Debug */ = {
			isa = XCBuildConfiguration;
			buildSettings = {
				ALWAYS_EMBED_SWIFT_STANDARD_LIBRARIES = YES;
				CODE_SIGN_STYLE = Automatic;
				DEVELOPMENT_TEAM = 96ARV772TN;
				INFOPLIST_FILE = DateNightUITests/Info.plist;
				LD_RUNPATH_SEARCH_PATHS = (
					"$(inherited)",
					"@executable_path/Frameworks",
					"@loader_path/Frameworks",
				);
				PRODUCT_BUNDLE_IDENTIFIER = brandon.DateNightUITests;
				PRODUCT_NAME = "$(TARGET_NAME)";
				SWIFT_VERSION = 4.0;
				TARGETED_DEVICE_FAMILY = "1,2";
				TEST_TARGET_NAME = DateNight;
			};
			name = Debug;
		};
		D199C2ED20B491FE0090D0C3 /* Release */ = {
			isa = XCBuildConfiguration;
			buildSettings = {
				ALWAYS_EMBED_SWIFT_STANDARD_LIBRARIES = YES;
				CODE_SIGN_STYLE = Automatic;
				DEVELOPMENT_TEAM = 96ARV772TN;
				INFOPLIST_FILE = DateNightUITests/Info.plist;
				LD_RUNPATH_SEARCH_PATHS = (
					"$(inherited)",
					"@executable_path/Frameworks",
					"@loader_path/Frameworks",
				);
				PRODUCT_BUNDLE_IDENTIFIER = brandon.DateNightUITests;
				PRODUCT_NAME = "$(TARGET_NAME)";
				SWIFT_VERSION = 4.0;
				TARGETED_DEVICE_FAMILY = "1,2";
				TEST_TARGET_NAME = DateNight;
			};
			name = Release;
		};
/* End XCBuildConfiguration section */

/* Begin XCConfigurationList section */
		D199C2B620B491FC0090D0C3 /* Build configuration list for PBXProject "DateNight" */ = {
			isa = XCConfigurationList;
			buildConfigurations = (
				D199C2E320B491FE0090D0C3 /* Debug */,
				D199C2E420B491FE0090D0C3 /* Release */,
			);
			defaultConfigurationIsVisible = 0;
			defaultConfigurationName = Release;
		};
		D199C2E520B491FE0090D0C3 /* Build configuration list for PBXNativeTarget "DateNight" */ = {
			isa = XCConfigurationList;
			buildConfigurations = (
				D199C2E620B491FE0090D0C3 /* Debug */,
				D199C2E720B491FE0090D0C3 /* Release */,
			);
			defaultConfigurationIsVisible = 0;
			defaultConfigurationName = Release;
		};
		D199C2E820B491FE0090D0C3 /* Build configuration list for PBXNativeTarget "DateNightTests" */ = {
			isa = XCConfigurationList;
			buildConfigurations = (
				D199C2E920B491FE0090D0C3 /* Debug */,
				D199C2EA20B491FE0090D0C3 /* Release */,
			);
			defaultConfigurationIsVisible = 0;
			defaultConfigurationName = Release;
		};
		D199C2EB20B491FE0090D0C3 /* Build configuration list for PBXNativeTarget "DateNightUITests" */ = {
			isa = XCConfigurationList;
			buildConfigurations = (
				D199C2EC20B491FE0090D0C3 /* Debug */,
				D199C2ED20B491FE0090D0C3 /* Release */,
			);
			defaultConfigurationIsVisible = 0;
			defaultConfigurationName = Release;
		};
/* End XCConfigurationList section */

/* Begin XCVersionGroup section */
		D199C2EE20B4928B0090D0C3 /* Places.xcdatamodeld */ = {
			isa = XCVersionGroup;
			children = (
				D199C2EF20B4928B0090D0C3 /* Places.xcdatamodel */,
			);
			currentVersion = D199C2EF20B4928B0090D0C3 /* Places.xcdatamodel */;
			path = Places.xcdatamodeld;
			sourceTree = "<group>";
			versionGroupType = wrapper.xcdatamodel;
		};
/* End XCVersionGroup section */
	};
	rootObject = D199C2B320B491FC0090D0C3 /* Project object */;
}
